
Microsoft Visual Studio Solution File, Format Version 12.00
# Visual Studio Version 17
VisualStudioVersion = 17.3.32901.215
MinimumVisualStudioVersion = 10.0.40219.1
Project("{FAE04EC0-301F-11D3-BF4B-00C04F79EFBC}") = "UnitTestingPS.Tests", "UnitTestingPS.Tests.csproj", "{BAC98686-AF65-46F1-9916-29EB652C7B94}"
EndProject
Project("{FAE04EC0-301F-11D3-BF4B-00C04F79EFBC}") = "UnitTestingPS", "UnitTestingPS\UnitTestingPS.csproj", "{B72626F2-5DEE-4BE9-98BC-10C8B43EF66D}"
EndProject
Global
	GlobalSection(SolutionConfigurationPlatforms) = preSolution
		Debug|Any CPU = Debug|Any CPU
		Release|Any CPU = Release|Any CPU
	EndGlobalSection
	GlobalSection(ProjectConfigurationPlatforms) = postSolution
		{BAC98686-AF65-46F1-9916-29EB652C7B94}.Debug|Any CPU.ActiveCfg = Debug|Any CPU
		{BAC98686-AF65-46F1-9916-29EB652C7B94}.Debug|Any CPU.Build.0 = Debug|Any CPU
		{BAC98686-AF65-46F1-9916-29EB652C7B94}.Release|Any CPU.ActiveCfg = Release|Any CPU
		{BAC98686-AF65-46F1-9916-29EB652C7B94}.Release|Any CPU.Build.0 = Release|Any CPU
		{B72626F2-5DEE-4BE9-98BC-10C8B43EF66D}.Debug|Any CPU.ActiveCfg = Debug|Any CPU
		{B72626F2-5DEE-4BE9-98BC-10C8B43EF66D}.Debug|Any CPU.Build.0 = Debug|Any CPU
		{B72626F2-5DEE-4BE9-98BC-10C8B43EF66D}.Release|Any CPU.ActiveCfg = Release|Any CPU
		{B72626F2-5DEE-4BE9-98BC-10C8B43EF66D}.Release|Any CPU.Build.0 = Release|Any CPU
	EndGlobalSection
	GlobalSection(SolutionProperties) = preSolution
		HideSolutionNode = FALSE
	EndGlobalSection
	GlobalSection(ExtensibilityGlobals) = postSolution
		SolutionGuid = {D2E7F4B8-E9FD-4FA5-9A0C-237C300159D8}
	EndGlobalSection
EndGlobal
