
Microsoft Visual Studio Solution File, Format Version 12.00
# Visual Studio Version 17
VisualStudioVersion = 17.3.32811.315
MinimumVisualStudioVersion = 10.0.40219.1
Project("{FAE04EC0-301F-11D3-BF4B-00C04F79EFBC}") = "Day3b", "Day3b.csproj", "{680CBEC5-1857-4AF9-8F21-2979EE67780A}"
EndProject
Global
	GlobalSection(SolutionConfigurationPlatforms) = preSolution
		Debug|Any CPU = Debug|Any CPU
		Release|Any CPU = Release|Any CPU
	EndGlobalSection
	GlobalSection(ProjectConfigurationPlatforms) = postSolution
		{680CBEC5-1857-4AF9-8F21-2979EE67780A}.Debug|Any CPU.ActiveCfg = Debug|Any CPU
		{680CBEC5-1857-4AF9-8F21-2979EE67780A}.Debug|Any CPU.Build.0 = Debug|Any CPU
		{680CBEC5-1857-4AF9-8F21-2979EE67780A}.Release|Any CPU.ActiveCfg = Release|Any CPU
		{680CBEC5-1857-4AF9-8F21-2979EE67780A}.Release|Any CPU.Build.0 = Release|Any CPU
	EndGlobalSection
	GlobalSection(SolutionProperties) = preSolution
		HideSolutionNode = FALSE
	EndGlobalSection
	GlobalSection(ExtensibilityGlobals) = postSolution
		SolutionGuid = {DA9D4967-B66B-4830-B0BF-D36015569A56}
	EndGlobalSection
EndGlobal
