
Microsoft Visual Studio Solution File, Format Version 12.00
# Visual Studio Version 17
VisualStudioVersion = 17.3.32901.215
MinimumVisualStudioVersion = 10.0.40219.1
Project("{FAE04EC0-301F-11D3-BF4B-00C04F79EFBC}") = "MVC6thOctPS", "MVC6thOctPS.csproj", "{7013EC02-BB7D-4553-A0B1-97B92A0D92A0}"
EndProject
Global
	GlobalSection(SolutionConfigurationPlatforms) = preSolution
		Debug|Any CPU = Debug|Any CPU
		Release|Any CPU = Release|Any CPU
	EndGlobalSection
	GlobalSection(ProjectConfigurationPlatforms) = postSolution
		{7013EC02-BB7D-4553-A0B1-97B92A0D92A0}.Debug|Any CPU.ActiveCfg = Debug|Any CPU
		{7013EC02-BB7D-4553-A0B1-97B92A0D92A0}.Debug|Any CPU.Build.0 = Debug|Any CPU
		{7013EC02-BB7D-4553-A0B1-97B92A0D92A0}.Release|Any CPU.ActiveCfg = Release|Any CPU
		{7013EC02-BB7D-4553-A0B1-97B92A0D92A0}.Release|Any CPU.Build.0 = Release|Any CPU
	EndGlobalSection
	GlobalSection(SolutionProperties) = preSolution
		HideSolutionNode = FALSE
	EndGlobalSection
	GlobalSection(ExtensibilityGlobals) = postSolution
		SolutionGuid = {3A0D49AE-BC84-48C6-9A21-3C8018C8C985}
	EndGlobalSection
EndGlobal
