
Microsoft Visual Studio Solution File, Format Version 12.00
# Visual Studio Version 17
VisualStudioVersion = 17.3.32901.215
MinimumVisualStudioVersion = 10.0.40219.1
Project("{FAE04EC0-301F-11D3-BF4B-00C04F79EFBC}") = "AdoNetDay5_CodeFirst", "AdoNetDay5_CodeFirst.csproj", "{4705CE93-0363-426B-9E94-DC819F2D3393}"
	ProjectSection(ProjectDependencies) = postProject
		{7F1FAE01-EC81-4197-850A-F78E37E867A4} = {7F1FAE01-EC81-4197-850A-F78E37E867A4}
	EndProjectSection
EndProject
Project("{FAE04EC0-301F-11D3-BF4B-00C04F79EFBC}") = "UniversityDAL", "UniversityDAL\UniversityDAL.csproj", "{7F1FAE01-EC81-4197-850A-F78E37E867A4}"
EndProject
Global
	GlobalSection(SolutionConfigurationPlatforms) = preSolution
		Debug|Any CPU = Debug|Any CPU
		Release|Any CPU = Release|Any CPU
	EndGlobalSection
	GlobalSection(ProjectConfigurationPlatforms) = postSolution
		{4705CE93-0363-426B-9E94-DC819F2D3393}.Debug|Any CPU.ActiveCfg = Debug|Any CPU
		{4705CE93-0363-426B-9E94-DC819F2D3393}.Debug|Any CPU.Build.0 = Debug|Any CPU
		{4705CE93-0363-426B-9E94-DC819F2D3393}.Release|Any CPU.ActiveCfg = Release|Any CPU
		{4705CE93-0363-426B-9E94-DC819F2D3393}.Release|Any CPU.Build.0 = Release|Any CPU
		{7F1FAE01-EC81-4197-850A-F78E37E867A4}.Debug|Any CPU.ActiveCfg = Debug|Any CPU
		{7F1FAE01-EC81-4197-850A-F78E37E867A4}.Debug|Any CPU.Build.0 = Debug|Any CPU
		{7F1FAE01-EC81-4197-850A-F78E37E867A4}.Release|Any CPU.ActiveCfg = Release|Any CPU
		{7F1FAE01-EC81-4197-850A-F78E37E867A4}.Release|Any CPU.Build.0 = Release|Any CPU
	EndGlobalSection
	GlobalSection(SolutionProperties) = preSolution
		HideSolutionNode = FALSE
	EndGlobalSection
	GlobalSection(ExtensibilityGlobals) = postSolution
		SolutionGuid = {6DF60414-EB3A-423F-B23F-89C9CBC6D224}
	EndGlobalSection
EndGlobal
