
Microsoft Visual Studio Solution File, Format Version 12.00
# Visual Studio Version 17
VisualStudioVersion = 17.3.32811.315
MinimumVisualStudioVersion = 10.0.40219.1
Project("{FAE04EC0-301F-11D3-BF4B-00C04F79EFBC}") = "MyApp", "MyApp.csproj", "{203B220E-B37A-46EA-9A6F-3592384C5B53}"
	ProjectSection(ProjectDependencies) = postProject
		{407FEA02-2B44-4EFD-85F2-C32EB0F01651} = {407FEA02-2B44-4EFD-85F2-C32EB0F01651}
	EndProjectSection
EndProject
Project("{FAE04EC0-301F-11D3-BF4B-00C04F79EFBC}") = "ReusuableCodeLibrary", "..\ReusuableCodeLibrary\ReusuableCodeLibrary.csproj", "{407FEA02-2B44-4EFD-85F2-C32EB0F01651}"
EndProject
Global
	GlobalSection(SolutionConfigurationPlatforms) = preSolution
		Debug|Any CPU = Debug|Any CPU
		Release|Any CPU = Release|Any CPU
	EndGlobalSection
	GlobalSection(ProjectConfigurationPlatforms) = postSolution
		{203B220E-B37A-46EA-9A6F-3592384C5B53}.Debug|Any CPU.ActiveCfg = Debug|Any CPU
		{203B220E-B37A-46EA-9A6F-3592384C5B53}.Debug|Any CPU.Build.0 = Debug|Any CPU
		{203B220E-B37A-46EA-9A6F-3592384C5B53}.Release|Any CPU.ActiveCfg = Release|Any CPU
		{203B220E-B37A-46EA-9A6F-3592384C5B53}.Release|Any CPU.Build.0 = Release|Any CPU
		{407FEA02-2B44-4EFD-85F2-C32EB0F01651}.Debug|Any CPU.ActiveCfg = Debug|Any CPU
		{407FEA02-2B44-4EFD-85F2-C32EB0F01651}.Debug|Any CPU.Build.0 = Debug|Any CPU
		{407FEA02-2B44-4EFD-85F2-C32EB0F01651}.Release|Any CPU.ActiveCfg = Release|Any CPU
		{407FEA02-2B44-4EFD-85F2-C32EB0F01651}.Release|Any CPU.Build.0 = Release|Any CPU
	EndGlobalSection
	GlobalSection(SolutionProperties) = preSolution
		HideSolutionNode = FALSE
	EndGlobalSection
	GlobalSection(ExtensibilityGlobals) = postSolution
		SolutionGuid = {D762EFFF-A902-4497-9DDB-DD87D6E5E37B}
	EndGlobalSection
EndGlobal
