
Microsoft Visual Studio Solution File, Format Version 12.00
# Visual Studio Version 17
VisualStudioVersion = 17.3.32811.315
MinimumVisualStudioVersion = 10.0.40219.1
Project("{FAE04EC0-301F-11D3-BF4B-00C04F79EFBC}") = "Day14", "Day14.csproj", "{A96E0046-BACC-46EB-8A67-A338293B1D03}"
	ProjectSection(ProjectDependencies) = postProject
		{36F75ECC-A557-40C6-B684-62CF4D1EB56C} = {36F75ECC-A557-40C6-B684-62CF4D1EB56C}
	EndProjectSection
EndProject
Project("{FAE04EC0-301F-11D3-BF4B-00C04F79EFBC}") = "ClassLibrary1", "ClassLibrary1\ClassLibrary1.csproj", "{36F75ECC-A557-40C6-B684-62CF4D1EB56C}"
EndProject
Global
	GlobalSection(SolutionConfigurationPlatforms) = preSolution
		Debug|Any CPU = Debug|Any CPU
		Release|Any CPU = Release|Any CPU
	EndGlobalSection
	GlobalSection(ProjectConfigurationPlatforms) = postSolution
		{A96E0046-BACC-46EB-8A67-A338293B1D03}.Debug|Any CPU.ActiveCfg = Debug|Any CPU
		{A96E0046-BACC-46EB-8A67-A338293B1D03}.Debug|Any CPU.Build.0 = Debug|Any CPU
		{A96E0046-BACC-46EB-8A67-A338293B1D03}.Release|Any CPU.ActiveCfg = Release|Any CPU
		{A96E0046-BACC-46EB-8A67-A338293B1D03}.Release|Any CPU.Build.0 = Release|Any CPU
		{36F75ECC-A557-40C6-B684-62CF4D1EB56C}.Debug|Any CPU.ActiveCfg = Debug|Any CPU
		{36F75ECC-A557-40C6-B684-62CF4D1EB56C}.Debug|Any CPU.Build.0 = Debug|Any CPU
		{36F75ECC-A557-40C6-B684-62CF4D1EB56C}.Release|Any CPU.ActiveCfg = Release|Any CPU
		{36F75ECC-A557-40C6-B684-62CF4D1EB56C}.Release|Any CPU.Build.0 = Release|Any CPU
	EndGlobalSection
	GlobalSection(SolutionProperties) = preSolution
		HideSolutionNode = FALSE
	EndGlobalSection
	GlobalSection(ExtensibilityGlobals) = postSolution
		SolutionGuid = {ECFDD6C5-AD72-4C7F-B2F8-5462A55A5189}
	EndGlobalSection
EndGlobal
