
Microsoft Visual Studio Solution File, Format Version 12.00
# Visual Studio Version 17
VisualStudioVersion = 17.3.32901.215
MinimumVisualStudioVersion = 10.0.40219.1
Project("{FAE04EC0-301F-11D3-BF4B-00C04F79EFBC}") = "MVC4thOct", "MVC4thOct.csproj", "{6675F82C-F59C-43F9-B336-65D3B966729F}"
EndProject
Global
	GlobalSection(SolutionConfigurationPlatforms) = preSolution
		Debug|Any CPU = Debug|Any CPU
		Release|Any CPU = Release|Any CPU
	EndGlobalSection
	GlobalSection(ProjectConfigurationPlatforms) = postSolution
		{6675F82C-F59C-43F9-B336-65D3B966729F}.Debug|Any CPU.ActiveCfg = Debug|Any CPU
		{6675F82C-F59C-43F9-B336-65D3B966729F}.Debug|Any CPU.Build.0 = Debug|Any CPU
		{6675F82C-F59C-43F9-B336-65D3B966729F}.Release|Any CPU.ActiveCfg = Release|Any CPU
		{6675F82C-F59C-43F9-B336-65D3B966729F}.Release|Any CPU.Build.0 = Release|Any CPU
	EndGlobalSection
	GlobalSection(SolutionProperties) = preSolution
		HideSolutionNode = FALSE
	EndGlobalSection
	GlobalSection(ExtensibilityGlobals) = postSolution
		SolutionGuid = {4AB83C96-C828-443E-B3DD-FB3D67C412AD}
	EndGlobalSection
EndGlobal
