
Microsoft Visual Studio Solution File, Format Version 12.00
# Visual Studio Version 17
VisualStudioVersion = 17.3.32811.315
MinimumVisualStudioVersion = 10.0.40219.1
Project("{FAE04EC0-301F-11D3-BF4B-00C04F79EFBC}") = "Day21", "Day21.csproj", "{19F50696-80D1-47B9-847C-48B37F712357}"
	ProjectSection(ProjectDependencies) = postProject
		{C09A30CC-B6FF-4C17-AF1E-FAFD61A672DE} = {C09A30CC-B6FF-4C17-AF1E-FAFD61A672DE}
	EndProjectSection
EndProject
Project("{FAE04EC0-301F-11D3-BF4B-00C04F79EFBC}") = "HRLibarayS", "HRLibarayS\HRLibarayS.csproj", "{C09A30CC-B6FF-4C17-AF1E-FAFD61A672DE}"
EndProject
Global
	GlobalSection(SolutionConfigurationPlatforms) = preSolution
		Debug|Any CPU = Debug|Any CPU
		Release|Any CPU = Release|Any CPU
	EndGlobalSection
	GlobalSection(ProjectConfigurationPlatforms) = postSolution
		{19F50696-80D1-47B9-847C-48B37F712357}.Debug|Any CPU.ActiveCfg = Debug|Any CPU
		{19F50696-80D1-47B9-847C-48B37F712357}.Debug|Any CPU.Build.0 = Debug|Any CPU
		{19F50696-80D1-47B9-847C-48B37F712357}.Release|Any CPU.ActiveCfg = Release|Any CPU
		{19F50696-80D1-47B9-847C-48B37F712357}.Release|Any CPU.Build.0 = Release|Any CPU
		{C09A30CC-B6FF-4C17-AF1E-FAFD61A672DE}.Debug|Any CPU.ActiveCfg = Debug|Any CPU
		{C09A30CC-B6FF-4C17-AF1E-FAFD61A672DE}.Debug|Any CPU.Build.0 = Debug|Any CPU
		{C09A30CC-B6FF-4C17-AF1E-FAFD61A672DE}.Release|Any CPU.ActiveCfg = Release|Any CPU
		{C09A30CC-B6FF-4C17-AF1E-FAFD61A672DE}.Release|Any CPU.Build.0 = Release|Any CPU
	EndGlobalSection
	GlobalSection(SolutionProperties) = preSolution
		HideSolutionNode = FALSE
	EndGlobalSection
	GlobalSection(ExtensibilityGlobals) = postSolution
		SolutionGuid = {A560F0D8-70ED-4B4B-BABE-103BAE51C6B6}
	EndGlobalSection
EndGlobal
