
Microsoft Visual Studio Solution File, Format Version 12.00
# Visual Studio Version 17
VisualStudioVersion = 17.3.32901.215
MinimumVisualStudioVersion = 10.0.40219.1
Project("{FAE04EC0-301F-11D3-BF4B-00C04F79EFBC}") = "CodeFirst13thOct", "CodeFirst13thOct.csproj", "{DDB98B0C-65D7-419F-B853-76B5C5DB4D57}"
EndProject
Project("{FAE04EC0-301F-11D3-BF4B-00C04F79EFBC}") = "DAL", "DAL\DAL.csproj", "{0C38FEB4-43D0-4741-9940-DFDBFA14FE5E}"
EndProject
Project("{FAE04EC0-301F-11D3-BF4B-00C04F79EFBC}") = "Helper", "Helper\Helper.csproj", "{BE02B775-E861-4E21-A340-87CFC8EC7A91}"
EndProject
Global
	GlobalSection(SolutionConfigurationPlatforms) = preSolution
		Debug|Any CPU = Debug|Any CPU
		Release|Any CPU = Release|Any CPU
	EndGlobalSection
	GlobalSection(ProjectConfigurationPlatforms) = postSolution
		{DDB98B0C-65D7-419F-B853-76B5C5DB4D57}.Debug|Any CPU.ActiveCfg = Debug|Any CPU
		{DDB98B0C-65D7-419F-B853-76B5C5DB4D57}.Debug|Any CPU.Build.0 = Debug|Any CPU
		{DDB98B0C-65D7-419F-B853-76B5C5DB4D57}.Release|Any CPU.ActiveCfg = Release|Any CPU
		{DDB98B0C-65D7-419F-B853-76B5C5DB4D57}.Release|Any CPU.Build.0 = Release|Any CPU
		{0C38FEB4-43D0-4741-9940-DFDBFA14FE5E}.Debug|Any CPU.ActiveCfg = Debug|Any CPU
		{0C38FEB4-43D0-4741-9940-DFDBFA14FE5E}.Debug|Any CPU.Build.0 = Debug|Any CPU
		{0C38FEB4-43D0-4741-9940-DFDBFA14FE5E}.Release|Any CPU.ActiveCfg = Release|Any CPU
		{0C38FEB4-43D0-4741-9940-DFDBFA14FE5E}.Release|Any CPU.Build.0 = Release|Any CPU
		{BE02B775-E861-4E21-A340-87CFC8EC7A91}.Debug|Any CPU.ActiveCfg = Debug|Any CPU
		{BE02B775-E861-4E21-A340-87CFC8EC7A91}.Debug|Any CPU.Build.0 = Debug|Any CPU
		{BE02B775-E861-4E21-A340-87CFC8EC7A91}.Release|Any CPU.ActiveCfg = Release|Any CPU
		{BE02B775-E861-4E21-A340-87CFC8EC7A91}.Release|Any CPU.Build.0 = Release|Any CPU
	EndGlobalSection
	GlobalSection(SolutionProperties) = preSolution
		HideSolutionNode = FALSE
	EndGlobalSection
	GlobalSection(ExtensibilityGlobals) = postSolution
		SolutionGuid = {7ED52F70-C04A-455D-BCCB-DC235ABAE6DF}
	EndGlobalSection
EndGlobal
