
Microsoft Visual Studio Solution File, Format Version 12.00
# Visual Studio Version 17
VisualStudioVersion = 17.3.32811.315
MinimumVisualStudioVersion = 10.0.40219.1
Project("{FAE04EC0-301F-11D3-BF4B-00C04F79EFBC}") = "Day3 Incremental Assignmnet", "Day3 Incremental Assignmnet.csproj", "{C4393CBC-CD21-4B9E-8712-966FFA1226FC}"
EndProject
Global
	GlobalSection(SolutionConfigurationPlatforms) = preSolution
		Debug|Any CPU = Debug|Any CPU
		Release|Any CPU = Release|Any CPU
	EndGlobalSection
	GlobalSection(ProjectConfigurationPlatforms) = postSolution
		{C4393CBC-CD21-4B9E-8712-966FFA1226FC}.Debug|Any CPU.ActiveCfg = Debug|Any CPU
		{C4393CBC-CD21-4B9E-8712-966FFA1226FC}.Debug|Any CPU.Build.0 = Debug|Any CPU
		{C4393CBC-CD21-4B9E-8712-966FFA1226FC}.Release|Any CPU.ActiveCfg = Release|Any CPU
		{C4393CBC-CD21-4B9E-8712-966FFA1226FC}.Release|Any CPU.Build.0 = Release|Any CPU
	EndGlobalSection
	GlobalSection(SolutionProperties) = preSolution
		HideSolutionNode = FALSE
	EndGlobalSection
	GlobalSection(ExtensibilityGlobals) = postSolution
		SolutionGuid = {776F1006-FF49-4904-87B1-525AC44AC1E1}
	EndGlobalSection
EndGlobal
