
Microsoft Visual Studio Solution File, Format Version 12.00
# Visual Studio Version 17
VisualStudioVersion = 17.3.32811.315
MinimumVisualStudioVersion = 10.0.40219.1
Project("{FAE04EC0-301F-11D3-BF4B-00C04F79EFBC}") = "Day21PS", "Day21PS.csproj", "{3570D420-4099-4849-BA69-E361058D2816}"
	ProjectSection(ProjectDependencies) = postProject
		{222BDEAA-2113-445B-8FAB-DBC41380ED80} = {222BDEAA-2113-445B-8FAB-DBC41380ED80}
	EndProjectSection
EndProject
Project("{FAE04EC0-301F-11D3-BF4B-00C04F79EFBC}") = "Day21Library", "Day21Library\Day21Library.csproj", "{222BDEAA-2113-445B-8FAB-DBC41380ED80}"
EndProject
Global
	GlobalSection(SolutionConfigurationPlatforms) = preSolution
		Debug|Any CPU = Debug|Any CPU
		Release|Any CPU = Release|Any CPU
	EndGlobalSection
	GlobalSection(ProjectConfigurationPlatforms) = postSolution
		{3570D420-4099-4849-BA69-E361058D2816}.Debug|Any CPU.ActiveCfg = Debug|Any CPU
		{3570D420-4099-4849-BA69-E361058D2816}.Debug|Any CPU.Build.0 = Debug|Any CPU
		{3570D420-4099-4849-BA69-E361058D2816}.Release|Any CPU.ActiveCfg = Release|Any CPU
		{3570D420-4099-4849-BA69-E361058D2816}.Release|Any CPU.Build.0 = Release|Any CPU
		{222BDEAA-2113-445B-8FAB-DBC41380ED80}.Debug|Any CPU.ActiveCfg = Debug|Any CPU
		{222BDEAA-2113-445B-8FAB-DBC41380ED80}.Debug|Any CPU.Build.0 = Debug|Any CPU
		{222BDEAA-2113-445B-8FAB-DBC41380ED80}.Release|Any CPU.ActiveCfg = Release|Any CPU
		{222BDEAA-2113-445B-8FAB-DBC41380ED80}.Release|Any CPU.Build.0 = Release|Any CPU
	EndGlobalSection
	GlobalSection(SolutionProperties) = preSolution
		HideSolutionNode = FALSE
	EndGlobalSection
	GlobalSection(ExtensibilityGlobals) = postSolution
		SolutionGuid = {612FDAB9-7BDD-48CD-8EAC-E482E900E6FE}
	EndGlobalSection
EndGlobal
