
Microsoft Visual Studio Solution File, Format Version 12.00
# Visual Studio Version 17
VisualStudioVersion = 17.3.32901.215
MinimumVisualStudioVersion = 10.0.40219.1
Project("{FAE04EC0-301F-11D3-BF4B-00C04F79EFBC}") = "AdoNetDay5_CodeFirst_PS", "AdoNetDay5_CodeFirst_PS.csproj", "{007379CC-3F46-48A8-8032-52D82F23C5FD}"
	ProjectSection(ProjectDependencies) = postProject
		{678DFA8B-E993-4ED9-A560-58D91F811645} = {678DFA8B-E993-4ED9-A560-58D91F811645}
	EndProjectSection
EndProject
Project("{FAE04EC0-301F-11D3-BF4B-00C04F79EFBC}") = "Bank_DAL", "Bank_DAL\Bank_DAL.csproj", "{678DFA8B-E993-4ED9-A560-58D91F811645}"
EndProject
Global
	GlobalSection(SolutionConfigurationPlatforms) = preSolution
		Debug|Any CPU = Debug|Any CPU
		Release|Any CPU = Release|Any CPU
	EndGlobalSection
	GlobalSection(ProjectConfigurationPlatforms) = postSolution
		{007379CC-3F46-48A8-8032-52D82F23C5FD}.Debug|Any CPU.ActiveCfg = Debug|Any CPU
		{007379CC-3F46-48A8-8032-52D82F23C5FD}.Debug|Any CPU.Build.0 = Debug|Any CPU
		{007379CC-3F46-48A8-8032-52D82F23C5FD}.Release|Any CPU.ActiveCfg = Release|Any CPU
		{007379CC-3F46-48A8-8032-52D82F23C5FD}.Release|Any CPU.Build.0 = Release|Any CPU
		{678DFA8B-E993-4ED9-A560-58D91F811645}.Debug|Any CPU.ActiveCfg = Debug|Any CPU
		{678DFA8B-E993-4ED9-A560-58D91F811645}.Debug|Any CPU.Build.0 = Debug|Any CPU
		{678DFA8B-E993-4ED9-A560-58D91F811645}.Release|Any CPU.ActiveCfg = Release|Any CPU
		{678DFA8B-E993-4ED9-A560-58D91F811645}.Release|Any CPU.Build.0 = Release|Any CPU
	EndGlobalSection
	GlobalSection(SolutionProperties) = preSolution
		HideSolutionNode = FALSE
	EndGlobalSection
	GlobalSection(ExtensibilityGlobals) = postSolution
		SolutionGuid = {60285840-CD5D-4DD8-AE59-6C359EDE2DBE}
	EndGlobalSection
EndGlobal
