
Microsoft Visual Studio Solution File, Format Version 12.00
# Visual Studio Version 17
VisualStudioVersion = 17.3.32811.315
MinimumVisualStudioVersion = 10.0.40219.1
Project("{FAE04EC0-301F-11D3-BF4B-00C04F79EFBC}") = "Day20CA", "Day20CA.csproj", "{FB0AC69C-7DE2-442B-86B2-0315BEDE1A49}"
EndProject
Global
	GlobalSection(SolutionConfigurationPlatforms) = preSolution
		Debug|Any CPU = Debug|Any CPU
		Release|Any CPU = Release|Any CPU
	EndGlobalSection
	GlobalSection(ProjectConfigurationPlatforms) = postSolution
		{FB0AC69C-7DE2-442B-86B2-0315BEDE1A49}.Debug|Any CPU.ActiveCfg = Debug|Any CPU
		{FB0AC69C-7DE2-442B-86B2-0315BEDE1A49}.Debug|Any CPU.Build.0 = Debug|Any CPU
		{FB0AC69C-7DE2-442B-86B2-0315BEDE1A49}.Release|Any CPU.ActiveCfg = Release|Any CPU
		{FB0AC69C-7DE2-442B-86B2-0315BEDE1A49}.Release|Any CPU.Build.0 = Release|Any CPU
	EndGlobalSection
	GlobalSection(SolutionProperties) = preSolution
		HideSolutionNode = FALSE
	EndGlobalSection
	GlobalSection(ExtensibilityGlobals) = postSolution
		SolutionGuid = {FD54A8A2-2780-44B8-B8FB-143B3A389516}
	EndGlobalSection
EndGlobal
