
Microsoft Visual Studio Solution File, Format Version 12.00
# Visual Studio Version 17
VisualStudioVersion = 17.3.32811.315
MinimumVisualStudioVersion = 10.0.40219.1
Project("{FAE04EC0-301F-11D3-BF4B-00C04F79EFBC}") = "Day19", "Day19.csproj", "{4960C5D6-FC34-46D8-B26E-9398D87E2FE3}"
EndProject
Project("{FAE04EC0-301F-11D3-BF4B-00C04F79EFBC}") = "ReflectionLibrary", "ReflectionLibrary\ReflectionLibrary.csproj", "{959C8C04-C3C0-4B24-8D0E-5FCDCAE47AE3}"
EndProject
Global
	GlobalSection(SolutionConfigurationPlatforms) = preSolution
		Debug|Any CPU = Debug|Any CPU
		Release|Any CPU = Release|Any CPU
	EndGlobalSection
	GlobalSection(ProjectConfigurationPlatforms) = postSolution
		{4960C5D6-FC34-46D8-B26E-9398D87E2FE3}.Debug|Any CPU.ActiveCfg = Debug|Any CPU
		{4960C5D6-FC34-46D8-B26E-9398D87E2FE3}.Debug|Any CPU.Build.0 = Debug|Any CPU
		{4960C5D6-FC34-46D8-B26E-9398D87E2FE3}.Release|Any CPU.ActiveCfg = Release|Any CPU
		{4960C5D6-FC34-46D8-B26E-9398D87E2FE3}.Release|Any CPU.Build.0 = Release|Any CPU
		{959C8C04-C3C0-4B24-8D0E-5FCDCAE47AE3}.Debug|Any CPU.ActiveCfg = Debug|Any CPU
		{959C8C04-C3C0-4B24-8D0E-5FCDCAE47AE3}.Debug|Any CPU.Build.0 = Debug|Any CPU
		{959C8C04-C3C0-4B24-8D0E-5FCDCAE47AE3}.Release|Any CPU.ActiveCfg = Release|Any CPU
		{959C8C04-C3C0-4B24-8D0E-5FCDCAE47AE3}.Release|Any CPU.Build.0 = Release|Any CPU
	EndGlobalSection
	GlobalSection(SolutionProperties) = preSolution
		HideSolutionNode = FALSE
	EndGlobalSection
	GlobalSection(ExtensibilityGlobals) = postSolution
		SolutionGuid = {54F72407-0371-4296-B22C-DFDC3176D096}
	EndGlobalSection
EndGlobal
