
Microsoft Visual Studio Solution File, Format Version 12.00
# Visual Studio Version 17
VisualStudioVersion = 17.3.32901.215
MinimumVisualStudioVersion = 10.0.40219.1
Project("{FAE04EC0-301F-11D3-BF4B-00C04F79EFBC}") = "SpecFlowBasicDemo", "SpecFlowBasicDemo.csproj", "{ACFD673B-E0E6-490C-AEB1-68BD7B80AD02}"
EndProject
Global
	GlobalSection(SolutionConfigurationPlatforms) = preSolution
		Debug|Any CPU = Debug|Any CPU
		Release|Any CPU = Release|Any CPU
	EndGlobalSection
	GlobalSection(ProjectConfigurationPlatforms) = postSolution
		{ACFD673B-E0E6-490C-AEB1-68BD7B80AD02}.Debug|Any CPU.ActiveCfg = Debug|Any CPU
		{ACFD673B-E0E6-490C-AEB1-68BD7B80AD02}.Debug|Any CPU.Build.0 = Debug|Any CPU
		{ACFD673B-E0E6-490C-AEB1-68BD7B80AD02}.Release|Any CPU.ActiveCfg = Release|Any CPU
		{ACFD673B-E0E6-490C-AEB1-68BD7B80AD02}.Release|Any CPU.Build.0 = Release|Any CPU
	EndGlobalSection
	GlobalSection(SolutionProperties) = preSolution
		HideSolutionNode = FALSE
	EndGlobalSection
	GlobalSection(ExtensibilityGlobals) = postSolution
		SolutionGuid = {994A4E29-660B-4DC5-A104-828DC2D56067}
	EndGlobalSection
EndGlobal
